
Microsoft Visual Studio Solution File, Format Version 12.00
# Visual Studio Version 17
VisualStudioVersion = 17.0.31903.59
MinimumVisualStudioVersion = 10.0.40219.1
Project("{2150E333-8FDC-42A3-9474-1A3956D46DE8}") = "src", "src", "{43FA1F75-16F2-40F7-80EA-EFA0C2EEEB7D}"
EndProject
Project("{FAE04EC0-301F-11D3-BF4B-00C04F79EFBC}") = "WebApi", "src\WebApi\WebApi.csproj", "{72DD5290-E5DF-4502-8281-11D8FFA3CD20}"
EndProject
Project("{2150E333-8FDC-42A3-9474-1A3956D46DE8}") = "test", "test", "{6AC631DC-7976-43BF-82A2-DAF12A245FFF}"
EndProject
Project("{FAE04EC0-301F-11D3-BF4B-00C04F79EFBC}") = "WebApiTests", "test\WebApiTests\WebApiTests.csproj", "{F15FA0C2-D92E-4674-A95A-117A1DB4FD5E}"
EndProject
Global
	GlobalSection(SolutionConfigurationPlatforms) = preSolution
		Debug|Any CPU = Debug|Any CPU
		Release|Any CPU = Release|Any CPU
	EndGlobalSection
	GlobalSection(SolutionProperties) = preSolution
		HideSolutionNode = FALSE
	EndGlobalSection
	GlobalSection(ProjectConfigurationPlatforms) = postSolution
		{72DD5290-E5DF-4502-8281-11D8FFA3CD20}.Debug|Any CPU.ActiveCfg = Debug|Any CPU
		{72DD5290-E5DF-4502-8281-11D8FFA3CD20}.Debug|Any CPU.Build.0 = Debug|Any CPU
		{72DD5290-E5DF-4502-8281-11D8FFA3CD20}.Release|Any CPU.ActiveCfg = Release|Any CPU
		{72DD5290-E5DF-4502-8281-11D8FFA3CD20}.Release|Any CPU.Build.0 = Release|Any CPU
		{F15FA0C2-D92E-4674-A95A-117A1DB4FD5E}.Debug|Any CPU.ActiveCfg = Debug|Any CPU
		{F15FA0C2-D92E-4674-A95A-117A1DB4FD5E}.Debug|Any CPU.Build.0 = Debug|Any CPU
		{F15FA0C2-D92E-4674-A95A-117A1DB4FD5E}.Release|Any CPU.ActiveCfg = Release|Any CPU
		{F15FA0C2-D92E-4674-A95A-117A1DB4FD5E}.Release|Any CPU.Build.0 = Release|Any CPU
	EndGlobalSection
	GlobalSection(NestedProjects) = preSolution
		{72DD5290-E5DF-4502-8281-11D8FFA3CD20} = {43FA1F75-16F2-40F7-80EA-EFA0C2EEEB7D}
		{F15FA0C2-D92E-4674-A95A-117A1DB4FD5E} = {6AC631DC-7976-43BF-82A2-DAF12A245FFF}
	EndGlobalSection
EndGlobal
